
Microsoft Visual Studio Solution File, Format Version 12.00
# Visual Studio 14
VisualStudioVersion = 14.0.23107.0
MinimumVisualStudioVersion = 10.0.40219.1
Project("{FAE04EC0-301F-11D3-BF4B-00C04F79EFBC}") = "CodeExamples", "CodeExamples\CodeExamples.csproj", "{CE0F6CD9-D6EB-4400-8B86-C86DB82A6577}"
EndProject
Project("{FAE04EC0-301F-11D3-BF4B-00C04F79EFBC}") = "Log4NetExample", "Log4NetExample\Log4NetExample.csproj", "{F72646EC-2A69-4F9E-B0A8-6FCAF2184BEC}"
EndProject
Project("{FAE04EC0-301F-11D3-BF4B-00C04F79EFBC}") = "PowerShell", "PowerShell\PowerShell.csproj", "{FF9E572A-0FC9-4CE9-88BB-D40AE0DBA66F}"
EndProject
Project("{FAE04EC0-301F-11D3-BF4B-00C04F79EFBC}") = "TestEmail", "TestEmail\TestEmail.csproj", "{5DA0D2CE-5D98-44BE-B873-1A5E43015FE9}"
EndProject
Global
	GlobalSection(SolutionConfigurationPlatforms) = preSolution
		Debug|Any CPU = Debug|Any CPU
		Release|Any CPU = Release|Any CPU
	EndGlobalSection
	GlobalSection(ProjectConfigurationPlatforms) = postSolution
		{CE0F6CD9-D6EB-4400-8B86-C86DB82A6577}.Debug|Any CPU.ActiveCfg = Debug|Any CPU
		{CE0F6CD9-D6EB-4400-8B86-C86DB82A6577}.Debug|Any CPU.Build.0 = Debug|Any CPU
		{CE0F6CD9-D6EB-4400-8B86-C86DB82A6577}.Release|Any CPU.ActiveCfg = Release|Any CPU
		{CE0F6CD9-D6EB-4400-8B86-C86DB82A6577}.Release|Any CPU.Build.0 = Release|Any CPU
		{F72646EC-2A69-4F9E-B0A8-6FCAF2184BEC}.Debug|Any CPU.ActiveCfg = Debug|Any CPU
		{F72646EC-2A69-4F9E-B0A8-6FCAF2184BEC}.Debug|Any CPU.Build.0 = Debug|Any CPU
		{F72646EC-2A69-4F9E-B0A8-6FCAF2184BEC}.Release|Any CPU.ActiveCfg = Release|Any CPU
		{F72646EC-2A69-4F9E-B0A8-6FCAF2184BEC}.Release|Any CPU.Build.0 = Release|Any CPU
		{FF9E572A-0FC9-4CE9-88BB-D40AE0DBA66F}.Debug|Any CPU.ActiveCfg = Debug|Any CPU
		{FF9E572A-0FC9-4CE9-88BB-D40AE0DBA66F}.Debug|Any CPU.Build.0 = Debug|Any CPU
		{FF9E572A-0FC9-4CE9-88BB-D40AE0DBA66F}.Release|Any CPU.ActiveCfg = Release|Any CPU
		{FF9E572A-0FC9-4CE9-88BB-D40AE0DBA66F}.Release|Any CPU.Build.0 = Release|Any CPU
		{5DA0D2CE-5D98-44BE-B873-1A5E43015FE9}.Debug|Any CPU.ActiveCfg = Debug|Any CPU
		{5DA0D2CE-5D98-44BE-B873-1A5E43015FE9}.Debug|Any CPU.Build.0 = Debug|Any CPU
		{5DA0D2CE-5D98-44BE-B873-1A5E43015FE9}.Release|Any CPU.ActiveCfg = Release|Any CPU
		{5DA0D2CE-5D98-44BE-B873-1A5E43015FE9}.Release|Any CPU.Build.0 = Release|Any CPU
	EndGlobalSection
	GlobalSection(SolutionProperties) = preSolution
		HideSolutionNode = FALSE
	EndGlobalSection
	GlobalSection(TeamFoundationVersionControl) = preSolution
		SccNumberOfProjects = 5
		SccEnterpriseProvider = {4CA58AB2-18FA-4F8D-95D4-32DDF27D184C}
		SccTeamFoundationServer = https://alexwebb-examples.visualstudio.com/defaultcollection
		SccLocalPath0 = .
		SccProjectUniqueName1 = CodeExamples\\CodeExamples.csproj
		SccProjectName1 = CodeExamples
		SccLocalPath1 = CodeExamples
		SccProjectUniqueName2 = Log4NetExample\\Log4NetExample.csproj
		SccProjectName2 = Log4NetExample
		SccLocalPath2 = Log4NetExample
		SccProjectUniqueName3 = PowerShell\\PowerShell.csproj
		SccProjectName3 = PowerShell
		SccLocalPath3 = PowerShell
		SccProjectUniqueName4 = TestEmail\\TestEmail.csproj
		SccProjectName4 = TestEmail
		SccLocalPath4 = TestEmail
	EndGlobalSection
EndGlobal
